{
  "name": "angular-component",
  "version": "1.0.0",
  "lockfileVersion": 1,
  "requires": true,
  "dependencies": {
    "ngmap": {
      "version": "1.18.5",
      "resolved": "https://registry.npmjs.org/ngmap/-/ngmap-1.18.5.tgz",
      "integrity": "sha512-wm+ue9cn2COpEDSfoio/9d4Y3TuZaMmH+VtLjQmKDWNEZg3Tqrd9aGc6uK3CzH4p+GLZfOngcnxOmrUbnpMFQQ=="
    }
  }
}
